fyne.io/fyne/v2 v2.8.0 h1:KNUdIk1eKsXSPy/wU6MdiR1hppAPvyzbjPbtJ8h6EUQ=
fyne.io/fyne/v2 v2.8.0/go.mod h1:tLJK7CVtUBOnMiSDR+J88t/quiGuEhwGs09tIVM1RXg=
github.com/coder/websocket v1.8.15 h1:6B2JPeOGlpff2Uz6vOEH1Vzpi0iUz20A+lPVhPHtNUA=
github.com/coder/websocket v1.8.15/go.mod h1:NX3SzP+inril6yawo5CQXx8+fk145lPDC6pumgx0mVg=
github.com/gen2brain/malgo v0.11.26 h1:k5WcPIKw1bbJAbPqrvNPt7nehPLoaPNcOFde2+eruiM=
github.com/gen2brain/malgo v0.11.26/go.mod h1:xLVG3ROA33Bzol1quF3e4ehqcFuqh8QK4B8T6LQUs/M=
golang.design/x/hotkey v0.6.1 h1:mR3kp6L7eykJnEH7jvYQ9kc00LTq8edeWRFDsXfWp6Q=
golang.design/x/hotkey v0.6.1/go.mod h1:+CUQy3N+t1b8HbhsDScVWWuUpXiRPNRIKugECCiW0Po=
